Microsoft Visual Studio Solution File, Format Version 12.00
# Visual Studio Version 17
VisualStudioVersion = 17.5.2.0
MinimumVisualStudioVersion = 10.0.40219.1
Project("{2150E333-8FDC-42A3-9474-1A3956D46DE8}") = "fixtures", "fixtures", "{7A31CED4-1678-4AF3-8F73-6A118B9DA039}"
EndProject
Project("{2150E333-8FDC-42A3-9474-1A3956D46DE8}") = "project", "project", "{250A719C-D867-55F2-B107-61767587E336}"
EndProject
Project("{2150E333-8FDC-42A3-9474-1A3956D46DE8}") = "csharp", "csharp", "{B42E9030-7C7E-9400-E8F8-75831DDFEE10}"
EndProject
Project("{FAE04EC0-301F-11D3-BF4B-00C04F79EFBC}") = "Example", "fixtures\project\csharp\Example.csproj", "{9F41BE1A-F88F-28A8-CB46-4FCBA90AFD93}"
EndProject
Global
	GlobalSection(SolutionConfigurationPlatforms) = preSolution
		Debug|Any CPU = Debug|Any CPU
		Release|Any CPU = Release|Any CPU
	EndGlobalSection
	GlobalSection(ProjectConfigurationPlatforms) = postSolution
		{9F41BE1A-F88F-28A8-CB46-4FCBA90AFD93}.Debug|Any CPU.ActiveCfg = Debug|Any CPU
		{9F41BE1A-F88F-28A8-CB46-4FCBA90AFD93}.Debug|Any CPU.Build.0 = Debug|Any CPU
		{9F41BE1A-F88F-28A8-CB46-4FCBA90AFD93}.Release|Any CPU.ActiveCfg = Release|Any CPU
		{9F41BE1A-F88F-28A8-CB46-4FCBA90AFD93}.Release|Any CPU.Build.0 = Release|Any CPU
	EndGlobalSection
	GlobalSection(SolutionProperties) = preSolution
		HideSolutionNode = FALSE
	EndGlobalSection
	GlobalSection(NestedProjects) = preSolution
		{250A719C-D867-55F2-B107-61767587E336} = {7A31CED4-1678-4AF3-8F73-6A118B9DA039}
		{B42E9030-7C7E-9400-E8F8-75831DDFEE10} = {250A719C-D867-55F2-B107-61767587E336}
		{9F41BE1A-F88F-28A8-CB46-4FCBA90AFD93} = {B42E9030-7C7E-9400-E8F8-75831DDFEE10}
	EndGlobalSection
	GlobalSection(ExtensibilityGlobals) = postSolution
		SolutionGuid = {12042239-A09C-4768-86A1-957F60CEB83D}
	EndGlobalSection
EndGlobal
